// !$*UTF8*$!
{
	archiveVersion = 1;
	classes = {
	};
	objectVersion = 46;
	objects = {

/* Begin PBXBuildFile section */
		EF303E841BEF194500043DCA /* main.m in Sources */ = {isa = PBXBuildFile; fileRef = EF303E831BEF194500043DCA /* main.m */; };
		EF303E8C1BEF195D00043DCA /* Atom.m in Sources */ = {isa = PBXBuildFile; fileRef = EF303E8B1BEF195D00043DCA /* Atom.m */; };
		EF303E8F1BEF1B3200043DCA /* Hydrogen.m in Sources */ = {isa = PBXBuildFile; fileRef = EF303E8E1BEF1B3200043DCA /* Hydrogen.m */; };
		EF8F07591BEF20870053FD79 /* SubHydrogen.m in Sources */ = {isa = PBXBuildFile; fileRef = EF8F07581BEF20870053FD79 /* SubHydrogen.m */; };
		EF8F075C1BEF24D00053FD79 /* HydrogenHelper.m in Sources */ = {isa = PBXBuildFile; fileRef = EF8F075B1BEF24D00053FD79 /* HydrogenHelper.m */; };
/* End PBXBuildFile section */

/* Begin PBXCopyFilesBuildPhase section */
		EF303E7E1BEF194500043DCA /* CopyFiles */ = {
			isa = PBXCopyFilesBuildPhase;
			buildActionMask = 2147483647;
			dstPath = /usr/share/man/man1/;
			dstSubfolderSpec = 0;
			files = (
			);
			runOnlyForDeploymentPostprocessing = 1;
		};
/* End PBXCopyFilesBuildPhase section */

/* Begin PBXFileReference section */
		EF303E801BEF194500043DCA /* Elements */ = {isa = PBXFileReference; explicitFileType = "compiled.mach-o.executable"; includeInIndex = 0; path = Elements; sourceTree = BUILT_PRODUCTS_DIR; };
		EF303E831BEF194500043DCA /* main.m */ = {isa = PBXFileReference; lastKnownFileType = sourcecode.c.objc; path = main.m; sourceTree = "<group>"; };
		EF303E8A1BEF195D00043DCA /* Atom.h */ = {isa = PBXFileReference; fileEncoding = 4; lastKnownFileType = sourcecode.c.h; path = Atom.h; sourceTree = "<group>"; };
		EF303E8B1BEF195D00043DCA /* Atom.m */ = {isa = PBXFileReference; fileEncoding = 4; lastKnownFileType = sourcecode.c.objc; path = Atom.m; sourceTree = "<group>"; };
		EF303E8D1BEF1B3200043DCA /* Hydrogen.h */ = {isa = PBXFileReference; fileEncoding = 4; lastKnownFileType = sourcecode.c.h; path = Hydrogen.h; sourceTree = "<group>"; };
		EF303E8E1BEF1B3200043DCA /* Hydrogen.m */ = {isa = PBXFileReference; fileEncoding = 4; lastKnownFileType = sourcecode.c.objc; path = Hydrogen.m; sourceTree = "<group>"; };
		EF8F07571BEF20870053FD79 /* SubHydrogen.h */ = {isa = PBXFileReference; fileEncoding = 4; lastKnownFileType = sourcecode.c.h; path = SubHydrogen.h; sourceTree = "<group>"; };
		EF8F07581BEF20870053FD79 /* SubHydrogen.m */ = {isa = PBXFileReference; fileEncoding = 4; lastKnownFileType = sourcecode.c.objc; path = SubHydrogen.m; sourceTree = "<group>"; };
		EF8F075A1BEF24D00053FD79 /* HydrogenHelper.h */ = {isa = PBXFileReference; fileEncoding = 4; lastKnownFileType = sourcecode.c.h; path = HydrogenHelper.h; sourceTree = "<group>"; };
		EF8F075B1BEF24D00053FD79 /* HydrogenHelper.m */ = {isa = PBXFileReference; fileEncoding = 4; lastKnownFileType = sourcecode.c.objc; path = HydrogenHelper.m; sourceTree = "<group>"; };
/* End PBXFileReference section */

/* Begin PBXFrameworksBuildPhase section */
		EF303E7D1BEF194500043DCA /* Frameworks */ = {
			isa = PBXFrameworksBuildPhase;
			buildActionMask = 2147483647;
			files = (
			);
			runOnlyForDeploymentPostprocessing = 0;
		};
/* End PBXFrameworksBuildPhase section */

/* Begin PBXGroup section */
		EF303E771BEF194500043DCA = {
			isa = PBXGroup;
			children = (
				EF303E821BEF194500043DCA /* Elements */,
				EF303E811BEF194500043DCA /* Products */,
			);
			sourceTree = "<group>";
		};
		EF303E811BEF194500043DCA /* Products */ = {
			isa = PBXGroup;
			children = (
				EF303E801BEF194500043DCA /* Elements */,
			);
			name = Products;
			sourceTree = "<group>";
		};
		EF303E821BEF194500043DCA /* Elements */ = {
			isa = PBXGroup;
			children = (
				EF303E831BEF194500043DCA /* main.m */,
				EF303E8A1BEF195D00043DCA /* Atom.h */,
				EF303E8B1BEF195D00043DCA /* Atom.m */,
				EF303E8D1BEF1B3200043DCA /* Hydrogen.h */,
				EF303E8E1BEF1B3200043DCA /* Hydrogen.m */,
				EF8F07571BEF20870053FD79 /* SubHydrogen.h */,
				EF8F07581BEF20870053FD79 /* SubHydrogen.m */,
				EF8F075A1BEF24D00053FD79 /* HydrogenHelper.h */,
				EF8F075B1BEF24D00053FD79 /* HydrogenHelper.m */,
			);
			path = Elements;
			sourceTree = "<group>";
		};
/* End PBXGroup section */

/* Begin PBXNativeTarget section */
		EF303E7F1BEF194500043DCA /* Elements */ = {
			isa = PBXNativeTarget;
			buildConfigurationList = EF303E871BEF194500043DCA /* Build configuration list for PBXNativeTarget "Elements" */;
			buildPhases = (
				EF303E7C1BEF194500043DCA /* Sources */,
				EF303E7D1BEF194500043DCA /* Frameworks */,
				EF303E7E1BEF194500043DCA /* CopyFiles */,
			);
			buildRules = (
			);
			dependencies = (
			);
			name = Elements;
			productName = Elements;
			productReference = EF303E801BEF194500043DCA /* Elements */;
			productType = "com.apple.product-type.tool";
		};
/* End PBXNativeTarget section */

/* Begin PBXProject section */
		EF303E781BEF194500043DCA /* Project object */ = {
			isa = PBXProject;
			attributes = {
				LastUpgradeCheck = 0710;
				ORGANIZATIONNAME = "金融研發一部-蕭裕翰";
				TargetAttributes = {
					EF303E7F1BEF194500043DCA = {
						CreatedOnToolsVersion = 7.1;
					};
				};
			};
			buildConfigurationList = EF303E7B1BEF194500043DCA /* Build configuration list for PBXProject "Elements" */;
			compatibilityVersion = "Xcode 3.2";
			developmentRegion = English;
			hasScannedForEncodings = 0;
			knownRegions = (
				en,
			);
			mainGroup = EF303E771BEF194500043DCA;
			productRefGroup = EF303E811BEF194500043DCA /* Products */;
			projectDirPath = "";
			projectRoot = "";
			targets = (
				EF303E7F1BEF194500043DCA /* Elements */,
			);
		};
/* End PBXProject section */

/* Begin PBXSourcesBuildPhase section */
		EF303E7C1BEF194500043DCA /* Sources */ = {
			isa = PBXSourcesBuildPhase;
			buildActionMask = 2147483647;
			files = (
				EF303E8C1BEF195D00043DCA /* Atom.m in Sources */,
				EF303E841BEF194500043DCA /* main.m in Sources */,
				EF8F07591BEF20870053FD79 /* SubHydrogen.m in Sources */,
				EF303E8F1BEF1B3200043DCA /* Hydrogen.m in Sources */,
				EF8F075C1BEF24D00053FD79 /* HydrogenHelper.m in Sources */,
			);
			runOnlyForDeploymentPostprocessing = 0;
		};
/* End PBXSourcesBuildPhase section */

/* Begin XCBuildConfiguration section */
		EF303E851BEF194500043DCA /* Debug */ = {
			isa = XCBuildConfiguration;
			buildSettings = {
				ALWAYS_SEARCH_USER_PATHS = NO;
				CLANG_CXX_LANGUAGE_STANDARD = "gnu++0x";
				CLANG_CXX_LIBRARY = "libc++";
				CLANG_ENABLE_MODULES = YES;
				CLANG_ENABLE_OBJC_ARC = YES;
				CLANG_WARN_BOOL_CONVERSION = YES;
				CLANG_WARN_CONSTANT_CONVERSION = YES;
				CLANG_WARN_DIRECT_OBJC_ISA_USAGE = YES_ERROR;
				CLANG_WARN_EMPTY_BODY = YES;
				CLANG_WARN_ENUM_CONVERSION = YES;
				CLANG_WARN_INT_CONVERSION = YES;
				CLANG_WARN_OBJC_ROOT_CLASS = YES_ERROR;
				CLANG_WARN_UNREACHABLE_CODE = YES;
				CLANG_WARN__DUPLICATE_METHOD_MATCH = YES;
				CODE_SIGN_IDENTITY = "-";
				COPY_PHASE_STRIP = NO;
				DEBUG_INFORMATION_FORMAT = dwarf;
				ENABLE_STRICT_OBJC_MSGSEND = YES;
				ENABLE_TESTABILITY = YES;
				GCC_C_LANGUAGE_STANDARD = gnu99;
				GCC_DYNAMIC_NO_PIC = NO;
				GCC_NO_COMMON_BLOCKS = YES;
				GCC_OPTIMIZATION_LEVEL = 0;
				GCC_PREPROCESSOR_DEFINITIONS = (
					"DEBUG=1",
					"$(inherited)",
				);
				GCC_WARN_64_TO_32_BIT_CONVERSION = YES;
				GCC_WARN_ABOUT_RETURN_TYPE = YES_ERROR;
				GCC_WARN_UNDECLARED_SELECTOR = YES;
				GCC_WARN_UNINITIALIZED_AUTOS = YES_AGGRESSIVE;
				GCC_WARN_UNUSED_FUNCTION = YES;
				GCC_WARN_UNUSED_VARIABLE = YES;
				MACOSX_DEPLOYMENT_TARGET = 10.11;
				MTL_ENABLE_DEBUG_INFO = YES;
				ONLY_ACTIVE_ARCH = YES;
				SDKROOT = macosx;
			};
			name = Debug;
		};
		EF303E861BEF194500043DCA /* Release */ = {
			isa = XCBuildConfiguration;
			buildSettings = {
				ALWAYS_SEARCH_USER_PATHS = NO;
				CLANG_CXX_LANGUAGE_STANDARD = "gnu++0x";
				CLANG_CXX_LIBRARY = "libc++";
				CLANG_ENABLE_MODULES = YES;
				CLANG_ENABLE_OBJC_ARC = YES;
				CLANG_WARN_BOOL_CONVERSION = YES;
				CLANG_WARN_CONSTANT_CONVERSION = YES;
				CLANG_WARN_DIRECT_OBJC_ISA_USAGE = YES_ERROR;
				CLANG_WARN_EMPTY_BODY = YES;
				CLANG_WARN_ENUM_CONVERSION = YES;
				CLANG_WARN_INT_CONVERSION = YES;
				CLANG_WARN_OBJC_ROOT_CLASS = YES_ERROR;
				CLANG_WARN_UNREACHABLE_CODE = YES;
				CLANG_WARN__DUPLICATE_METHOD_MATCH = YES;
				CODE_SIGN_IDENTITY = "-";
				COPY_PHASE_STRIP = NO;
				DEBUG_INFORMATION_FORMAT = "dwarf-with-dsym";
				ENABLE_NS_ASSERTIONS = NO;
				ENABLE_STRICT_OBJC_MSGSEND = YES;
				GCC_C_LANGUAGE_STANDARD = gnu99;
				GCC_NO_COMMON_BLOCKS = YES;
				GCC_WARN_64_TO_32_BIT_CONVERSION = YES;
				GCC_WARN_ABOUT_RETURN_TYPE = YES_ERROR;
				GCC_WARN_UNDECLARED_SELECTOR = YES;
				GCC_WARN_UNINITIALIZED_AUTOS = YES_AGGRESSIVE;
				GCC_WARN_UNUSED_FUNCTION = YES;
				GCC_WARN_UNUSED_VARIABLE = YES;
				MACOSX_DEPLOYMENT_TARGET = 10.11;
				MTL_ENABLE_DEBUG_INFO = NO;
				SDKROOT = macosx;
			};
			name = Release;
		};
		EF303E881BEF194500043DCA /* Debug */ = {
			isa = XCBuildConfiguration;
			buildSettings = {
				PRODUCT_NAME = "$(TARGET_NAME)";
			};
			name = Debug;
		};
		EF303E891BEF194500043DCA /* Release */ = {
			isa = XCBuildConfiguration;
			buildSettings = {
				PRODUCT_NAME = "$(TARGET_NAME)";
			};
			name = Release;
		};
/* End XCBuildConfiguration section */

/* Begin XCConfigurationList section */
		EF303E7B1BEF194500043DCA /* Build configuration list for PBXProject "Elements" */ = {
			isa = XCConfigurationList;
			buildConfigurations = (
				EF303E851BEF194500043DCA /* Debug */,
				EF303E861BEF194500043DCA /* Release */,
			);
			defaultConfigurationIsVisible = 0;
			defaultConfigurationName = Release;
		};
		EF303E871BEF194500043DCA /* Build configuration list for PBXNativeTarget "Elements" */ = {
			isa = XCConfigurationList;
			buildConfigurations = (
				EF303E881BEF194500043DCA /* Debug */,
				EF303E891BEF194500043DCA /* Release */,
			);
			defaultConfigurationIsVisible = 0;
			defaultConfigurationName = Release;
		};
/* End XCConfigurationList section */
	};
	rootObject = EF303E781BEF194500043DCA /* Project object */;
}
