// !$*UTF8*$!
{
	archiveVersion = 1;
	classes = {
	};
	objectVersion = 46;
	objects = {

/* Begin PBXBuildFile section */
		EF8F07DE1BEF633A0053FD79 /* main.m in Sources */ = {isa = PBXBuildFile; fileRef = EF8F07DD1BEF633A0053FD79 /* main.m */; };
/* End PBXBuildFile section */

/* Begin PBXCopyFilesBuildPhase section */
		EF8F07D81BEF633A0053FD79 /* CopyFiles */ = {
			isa = PBXCopyFilesBuildPhase;
			buildActionMask = 2147483647;
			dstPath = /usr/share/man/man1/;
			dstSubfolderSpec = 0;
			files = (
			);
			runOnlyForDeploymentPostprocessing = 1;
		};
/* End PBXCopyFilesBuildPhase section */

/* Begin PBXFileReference section */
		EF8F07DA1BEF633A0053FD79 /* Dynamic Class */ = {isa = PBXFileReference; explicitFileType = "compiled.mach-o.executable"; includeInIndex = 0; path = "Dynamic Class"; sourceTree = BUILT_PRODUCTS_DIR; };
		EF8F07DD1BEF633A0053FD79 /* main.m */ = {isa = PBXFileReference; lastKnownFileType = sourcecode.c.objc; path = main.m; sourceTree = "<group>"; };
/* End PBXFileReference section */

/* Begin PBXFrameworksBuildPhase section */
		EF8F07D71BEF633A0053FD79 /* Frameworks */ = {
			isa = PBXFrameworksBuildPhase;
			buildActionMask = 2147483647;
			files = (
			);
			runOnlyForDeploymentPostprocessing = 0;
		};
/* End PBXFrameworksBuildPhase section */

/* Begin PBXGroup section */
		EF8F07D11BEF633A0053FD79 = {
			isa = PBXGroup;
			children = (
				EF8F07DC1BEF633A0053FD79 /* Dynamic Class */,
				EF8F07DB1BEF633A0053FD79 /* Products */,
			);
			sourceTree = "<group>";
		};
		EF8F07DB1BEF633A0053FD79 /* Products */ = {
			isa = PBXGroup;
			children = (
				EF8F07DA1BEF633A0053FD79 /* Dynamic Class */,
			);
			name = Products;
			sourceTree = "<group>";
		};
		EF8F07DC1BEF633A0053FD79 /* Dynamic Class */ = {
			isa = PBXGroup;
			children = (
				EF8F07DD1BEF633A0053FD79 /* main.m */,
			);
			path = "Dynamic Class";
			sourceTree = "<group>";
		};
/* End PBXGroup section */

/* Begin PBXNativeTarget section */
		EF8F07D91BEF633A0053FD79 /* Dynamic Class */ = {
			isa = PBXNativeTarget;
			buildConfigurationList = EF8F07E11BEF633A0053FD79 /* Build configuration list for PBXNativeTarget "Dynamic Class" */;
			buildPhases = (
				EF8F07D61BEF633A0053FD79 /* Sources */,
				EF8F07D71BEF633A0053FD79 /* Frameworks */,
				EF8F07D81BEF633A0053FD79 /* CopyFiles */,
			);
			buildRules = (
			);
			dependencies = (
			);
			name = "Dynamic Class";
			productName = "Dynamic Class";
			productReference = EF8F07DA1BEF633A0053FD79 /* Dynamic Class */;
			productType = "com.apple.product-type.tool";
		};
/* End PBXNativeTarget section */

/* Begin PBXProject section */
		EF8F07D21BEF633A0053FD79 /* Project object */ = {
			isa = PBXProject;
			attributes = {
				LastUpgradeCheck = 0710;
				ORGANIZATIONNAME = "金融研發一部-蕭裕翰";
				TargetAttributes = {
					EF8F07D91BEF633A0053FD79 = {
						CreatedOnToolsVersion = 7.1;
					};
				};
			};
			buildConfigurationList = EF8F07D51BEF633A0053FD79 /* Build configuration list for PBXProject "Dynamic Class" */;
			compatibilityVersion = "Xcode 3.2";
			developmentRegion = English;
			hasScannedForEncodings = 0;
			knownRegions = (
				en,
			);
			mainGroup = EF8F07D11BEF633A0053FD79;
			productRefGroup = EF8F07DB1BEF633A0053FD79 /* Products */;
			projectDirPath = "";
			projectRoot = "";
			targets = (
				EF8F07D91BEF633A0053FD79 /* Dynamic Class */,
			);
		};
/* End PBXProject section */

/* Begin PBXSourcesBuildPhase section */
		EF8F07D61BEF633A0053FD79 /* Sources */ = {
			isa = PBXSourcesBuildPhase;
			buildActionMask = 2147483647;
			files = (
				EF8F07DE1BEF633A0053FD79 /* main.m in Sources */,
			);
			runOnlyForDeploymentPostprocessing = 0;
		};
/* End PBXSourcesBuildPhase section */

/* Begin XCBuildConfiguration section */
		EF8F07DF1BEF633A0053FD79 /* Debug */ = {
			isa = XCBuildConfiguration;
			buildSettings = {
				ALWAYS_SEARCH_USER_PATHS = NO;
				CLANG_CXX_LANGUAGE_STANDARD = "gnu++0x";
				CLANG_CXX_LIBRARY = "libc++";
				CLANG_ENABLE_MODULES = YES;
				CLANG_ENABLE_OBJC_ARC = YES;
				CLANG_WARN_BOOL_CONVERSION = YES;
				CLANG_WARN_CONSTANT_CONVERSION = YES;
				CLANG_WARN_DIRECT_OBJC_ISA_USAGE = YES_ERROR;
				CLANG_WARN_EMPTY_BODY = YES;
				CLANG_WARN_ENUM_CONVERSION = YES;
				CLANG_WARN_INT_CONVERSION = YES;
				CLANG_WARN_OBJC_ROOT_CLASS = YES_ERROR;
				CLANG_WARN_UNREACHABLE_CODE = YES;
				CLANG_WARN__DUPLICATE_METHOD_MATCH = YES;
				CODE_SIGN_IDENTITY = "-";
				COPY_PHASE_STRIP = NO;
				DEBUG_INFORMATION_FORMAT = dwarf;
				ENABLE_STRICT_OBJC_MSGSEND = YES;
				ENABLE_TESTABILITY = YES;
				GCC_C_LANGUAGE_STANDARD = gnu99;
				GCC_DYNAMIC_NO_PIC = NO;
				GCC_NO_COMMON_BLOCKS = YES;
				GCC_OPTIMIZATION_LEVEL = 0;
				GCC_PREPROCESSOR_DEFINITIONS = (
					"DEBUG=1",
					"$(inherited)",
				);
				GCC_WARN_64_TO_32_BIT_CONVERSION = YES;
				GCC_WARN_ABOUT_RETURN_TYPE = YES_ERROR;
				GCC_WARN_UNDECLARED_SELECTOR = YES;
				GCC_WARN_UNINITIALIZED_AUTOS = YES_AGGRESSIVE;
				GCC_WARN_UNUSED_FUNCTION = YES;
				GCC_WARN_UNUSED_VARIABLE = YES;
				MACOSX_DEPLOYMENT_TARGET = 10.11;
				MTL_ENABLE_DEBUG_INFO = YES;
				ONLY_ACTIVE_ARCH = YES;
				SDKROOT = macosx;
			};
			name = Debug;
		};
		EF8F07E01BEF633A0053FD79 /* Release */ = {
			isa = XCBuildConfiguration;
			buildSettings = {
				ALWAYS_SEARCH_USER_PATHS = NO;
				CLANG_CXX_LANGUAGE_STANDARD = "gnu++0x";
				CLANG_CXX_LIBRARY = "libc++";
				CLANG_ENABLE_MODULES = YES;
				CLANG_ENABLE_OBJC_ARC = YES;
				CLANG_WARN_BOOL_CONVERSION = YES;
				CLANG_WARN_CONSTANT_CONVERSION = YES;
				CLANG_WARN_DIRECT_OBJC_ISA_USAGE = YES_ERROR;
				CLANG_WARN_EMPTY_BODY = YES;
				CLANG_WARN_ENUM_CONVERSION = YES;
				CLANG_WARN_INT_CONVERSION = YES;
				CLANG_WARN_OBJC_ROOT_CLASS = YES_ERROR;
				CLANG_WARN_UNREACHABLE_CODE = YES;
				CLANG_WARN__DUPLICATE_METHOD_MATCH = YES;
				CODE_SIGN_IDENTITY = "-";
				COPY_PHASE_STRIP = NO;
				DEBUG_INFORMATION_FORMAT = "dwarf-with-dsym";
				ENABLE_NS_ASSERTIONS = NO;
				ENABLE_STRICT_OBJC_MSGSEND = YES;
				GCC_C_LANGUAGE_STANDARD = gnu99;
				GCC_NO_COMMON_BLOCKS = YES;
				GCC_WARN_64_TO_32_BIT_CONVERSION = YES;
				GCC_WARN_ABOUT_RETURN_TYPE = YES_ERROR;
				GCC_WARN_UNDECLARED_SELECTOR = YES;
				GCC_WARN_UNINITIALIZED_AUTOS = YES_AGGRESSIVE;
				GCC_WARN_UNUSED_FUNCTION = YES;
				GCC_WARN_UNUSED_VARIABLE = YES;
				MACOSX_DEPLOYMENT_TARGET = 10.11;
				MTL_ENABLE_DEBUG_INFO = NO;
				SDKROOT = macosx;
			};
			name = Release;
		};
		EF8F07E21BEF633A0053FD79 /* Debug */ = {
			isa = XCBuildConfiguration;
			buildSettings = {
				PRODUCT_NAME = "$(TARGET_NAME)";
			};
			name = Debug;
		};
		EF8F07E31BEF633A0053FD79 /* Release */ = {
			isa = XCBuildConfiguration;
			buildSettings = {
				PRODUCT_NAME = "$(TARGET_NAME)";
			};
			name = Release;
		};
/* End XCBuildConfiguration section */

/* Begin XCConfigurationList section */
		EF8F07D51BEF633A0053FD79 /* Build configuration list for PBXProject "Dynamic Class" */ = {
			isa = XCConfigurationList;
			buildConfigurations = (
				EF8F07DF1BEF633A0053FD79 /* Debug */,
				EF8F07E01BEF633A0053FD79 /* Release */,
			);
			defaultConfigurationIsVisible = 0;
			defaultConfigurationName = Release;
		};
		EF8F07E11BEF633A0053FD79 /* Build configuration list for PBXNativeTarget "Dynamic Class" */ = {
			isa = XCConfigurationList;
			buildConfigurations = (
				EF8F07E21BEF633A0053FD79 /* Debug */,
				EF8F07E31BEF633A0053FD79 /* Release */,
			);
			defaultConfigurationIsVisible = 0;
		};
/* End XCConfigurationList section */
	};
	rootObject = EF8F07D21BEF633A0053FD79 /* Project object */;
}
