// !$*UTF8*$!
{
	archiveVersion = 1;
	classes = {
	};
	objectVersion = 46;
	objects = {

/* Begin PBXBuildFile section */
		EF8F076A1BEF3BA60053FD79 /* main.m in Sources */ = {isa = PBXBuildFile; fileRef = EF8F07691BEF3BA60053FD79 /* main.m */; };
		EF8F077B1BEF3D2D0053FD79 /* Calculator.m in Sources */ = {isa = PBXBuildFile; fileRef = EF8F077A1BEF3D2D0053FD79 /* Calculator.m */; };
/* End PBXBuildFile section */

/* Begin PBXCopyFilesBuildPhase section */
		EF8F07641BEF3BA60053FD79 /* CopyFiles */ = {
			isa = PBXCopyFilesBuildPhase;
			buildActionMask = 2147483647;
			dstPath = /usr/share/man/man1/;
			dstSubfolderSpec = 0;
			files = (
			);
			runOnlyForDeploymentPostprocessing = 1;
		};
/* End PBXCopyFilesBuildPhase section */

/* Begin PBXFileReference section */
		EF8F07661BEF3BA60053FD79 /* Method Signature */ = {isa = PBXFileReference; explicitFileType = "compiled.mach-o.executable"; includeInIndex = 0; path = "Method Signature"; sourceTree = BUILT_PRODUCTS_DIR; };
		EF8F07691BEF3BA60053FD79 /* main.m */ = {isa = PBXFileReference; lastKnownFileType = sourcecode.c.objc; path = main.m; sourceTree = "<group>"; };
		EF8F07791BEF3D2D0053FD79 /* Calculator.h */ = {isa = PBXFileReference; fileEncoding = 4; lastKnownFileType = sourcecode.c.h; path = Calculator.h; sourceTree = "<group>"; };
		EF8F077A1BEF3D2D0053FD79 /* Calculator.m */ = {isa = PBXFileReference; fileEncoding = 4; lastKnownFileType = sourcecode.c.objc; path = Calculator.m; sourceTree = "<group>"; };
/* End PBXFileReference section */

/* Begin PBXFrameworksBuildPhase section */
		EF8F07631BEF3BA60053FD79 /* Frameworks */ = {
			isa = PBXFrameworksBuildPhase;
			buildActionMask = 2147483647;
			files = (
			);
			runOnlyForDeploymentPostprocessing = 0;
		};
/* End PBXFrameworksBuildPhase section */

/* Begin PBXGroup section */
		EF8F075D1BEF3BA60053FD79 = {
			isa = PBXGroup;
			children = (
				EF8F07681BEF3BA60053FD79 /* Method Signature */,
				EF8F07671BEF3BA60053FD79 /* Products */,
			);
			sourceTree = "<group>";
		};
		EF8F07671BEF3BA60053FD79 /* Products */ = {
			isa = PBXGroup;
			children = (
				EF8F07661BEF3BA60053FD79 /* Method Signature */,
			);
			name = Products;
			sourceTree = "<group>";
		};
		EF8F07681BEF3BA60053FD79 /* Method Signature */ = {
			isa = PBXGroup;
			children = (
				EF8F07691BEF3BA60053FD79 /* main.m */,
				EF8F07791BEF3D2D0053FD79 /* Calculator.h */,
				EF8F077A1BEF3D2D0053FD79 /* Calculator.m */,
			);
			path = "Method Signature";
			sourceTree = "<group>";
		};
/* End PBXGroup section */

/* Begin PBXNativeTarget section */
		EF8F07651BEF3BA60053FD79 /* Method Signature */ = {
			isa = PBXNativeTarget;
			buildConfigurationList = EF8F076D1BEF3BA60053FD79 /* Build configuration list for PBXNativeTarget "Method Signature" */;
			buildPhases = (
				EF8F07621BEF3BA60053FD79 /* Sources */,
				EF8F07631BEF3BA60053FD79 /* Frameworks */,
				EF8F07641BEF3BA60053FD79 /* CopyFiles */,
			);
			buildRules = (
			);
			dependencies = (
			);
			name = "Method Signature";
			productName = "Method Signature";
			productReference = EF8F07661BEF3BA60053FD79 /* Method Signature */;
			productType = "com.apple.product-type.tool";
		};
/* End PBXNativeTarget section */

/* Begin PBXProject section */
		EF8F075E1BEF3BA60053FD79 /* Project object */ = {
			isa = PBXProject;
			attributes = {
				LastUpgradeCheck = 0710;
				ORGANIZATIONNAME = "金融研發一部-蕭裕翰";
				TargetAttributes = {
					EF8F07651BEF3BA60053FD79 = {
						CreatedOnToolsVersion = 7.1;
					};
				};
			};
			buildConfigurationList = EF8F07611BEF3BA60053FD79 /* Build configuration list for PBXProject "Method Signature" */;
			compatibilityVersion = "Xcode 3.2";
			developmentRegion = English;
			hasScannedForEncodings = 0;
			knownRegions = (
				en,
			);
			mainGroup = EF8F075D1BEF3BA60053FD79;
			productRefGroup = EF8F07671BEF3BA60053FD79 /* Products */;
			projectDirPath = "";
			projectRoot = "";
			targets = (
				EF8F07651BEF3BA60053FD79 /* Method Signature */,
			);
		};
/* End PBXProject section */

/* Begin PBXSourcesBuildPhase section */
		EF8F07621BEF3BA60053FD79 /* Sources */ = {
			isa = PBXSourcesBuildPhase;
			buildActionMask = 2147483647;
			files = (
				EF8F076A1BEF3BA60053FD79 /* main.m in Sources */,
				EF8F077B1BEF3D2D0053FD79 /* Calculator.m in Sources */,
			);
			runOnlyForDeploymentPostprocessing = 0;
		};
/* End PBXSourcesBuildPhase section */

/* Begin XCBuildConfiguration section */
		EF8F076B1BEF3BA60053FD79 /* Debug */ = {
			isa = XCBuildConfiguration;
			buildSettings = {
				ALWAYS_SEARCH_USER_PATHS = NO;
				CLANG_CXX_LANGUAGE_STANDARD = "gnu++0x";
				CLANG_CXX_LIBRARY = "libc++";
				CLANG_ENABLE_MODULES = YES;
				CLANG_ENABLE_OBJC_ARC = YES;
				CLANG_WARN_BOOL_CONVERSION = YES;
				CLANG_WARN_CONSTANT_CONVERSION = YES;
				CLANG_WARN_DIRECT_OBJC_ISA_USAGE = YES_ERROR;
				CLANG_WARN_EMPTY_BODY = YES;
				CLANG_WARN_ENUM_CONVERSION = YES;
				CLANG_WARN_INT_CONVERSION = YES;
				CLANG_WARN_OBJC_ROOT_CLASS = YES_ERROR;
				CLANG_WARN_UNREACHABLE_CODE = YES;
				CLANG_WARN__DUPLICATE_METHOD_MATCH = YES;
				CODE_SIGN_IDENTITY = "-";
				COPY_PHASE_STRIP = NO;
				DEBUG_INFORMATION_FORMAT = dwarf;
				ENABLE_STRICT_OBJC_MSGSEND = YES;
				ENABLE_TESTABILITY = YES;
				GCC_C_LANGUAGE_STANDARD = gnu99;
				GCC_DYNAMIC_NO_PIC = NO;
				GCC_NO_COMMON_BLOCKS = YES;
				GCC_OPTIMIZATION_LEVEL = 0;
				GCC_PREPROCESSOR_DEFINITIONS = (
					"DEBUG=1",
					"$(inherited)",
				);
				GCC_WARN_64_TO_32_BIT_CONVERSION = YES;
				GCC_WARN_ABOUT_RETURN_TYPE = YES_ERROR;
				GCC_WARN_UNDECLARED_SELECTOR = YES;
				GCC_WARN_UNINITIALIZED_AUTOS = YES_AGGRESSIVE;
				GCC_WARN_UNUSED_FUNCTION = YES;
				GCC_WARN_UNUSED_VARIABLE = YES;
				MACOSX_DEPLOYMENT_TARGET = 10.11;
				MTL_ENABLE_DEBUG_INFO = YES;
				ONLY_ACTIVE_ARCH = YES;
				SDKROOT = macosx;
			};
			name = Debug;
		};
		EF8F076C1BEF3BA60053FD79 /* Release */ = {
			isa = XCBuildConfiguration;
			buildSettings = {
				ALWAYS_SEARCH_USER_PATHS = NO;
				CLANG_CXX_LANGUAGE_STANDARD = "gnu++0x";
				CLANG_CXX_LIBRARY = "libc++";
				CLANG_ENABLE_MODULES = YES;
				CLANG_ENABLE_OBJC_ARC = YES;
				CLANG_WARN_BOOL_CONVERSION = YES;
				CLANG_WARN_CONSTANT_CONVERSION = YES;
				CLANG_WARN_DIRECT_OBJC_ISA_USAGE = YES_ERROR;
				CLANG_WARN_EMPTY_BODY = YES;
				CLANG_WARN_ENUM_CONVERSION = YES;
				CLANG_WARN_INT_CONVERSION = YES;
				CLANG_WARN_OBJC_ROOT_CLASS = YES_ERROR;
				CLANG_WARN_UNREACHABLE_CODE = YES;
				CLANG_WARN__DUPLICATE_METHOD_MATCH = YES;
				CODE_SIGN_IDENTITY = "-";
				COPY_PHASE_STRIP = NO;
				DEBUG_INFORMATION_FORMAT = "dwarf-with-dsym";
				ENABLE_NS_ASSERTIONS = NO;
				ENABLE_STRICT_OBJC_MSGSEND = YES;
				GCC_C_LANGUAGE_STANDARD = gnu99;
				GCC_NO_COMMON_BLOCKS = YES;
				GCC_WARN_64_TO_32_BIT_CONVERSION = YES;
				GCC_WARN_ABOUT_RETURN_TYPE = YES_ERROR;
				GCC_WARN_UNDECLARED_SELECTOR = YES;
				GCC_WARN_UNINITIALIZED_AUTOS = YES_AGGRESSIVE;
				GCC_WARN_UNUSED_FUNCTION = YES;
				GCC_WARN_UNUSED_VARIABLE = YES;
				MACOSX_DEPLOYMENT_TARGET = 10.11;
				MTL_ENABLE_DEBUG_INFO = NO;
				SDKROOT = macosx;
			};
			name = Release;
		};
		EF8F076E1BEF3BA60053FD79 /* Debug */ = {
			isa = XCBuildConfiguration;
			buildSettings = {
				PRODUCT_NAME = "$(TARGET_NAME)";
			};
			name = Debug;
		};
		EF8F076F1BEF3BA60053FD79 /* Release */ = {
			isa = XCBuildConfiguration;
			buildSettings = {
				PRODUCT_NAME = "$(TARGET_NAME)";
			};
			name = Release;
		};
/* End XCBuildConfiguration section */

/* Begin XCConfigurationList section */
		EF8F07611BEF3BA60053FD79 /* Build configuration list for PBXProject "Method Signature" */ = {
			isa = XCConfigurationList;
			buildConfigurations = (
				EF8F076B1BEF3BA60053FD79 /* Debug */,
				EF8F076C1BEF3BA60053FD79 /* Release */,
			);
			defaultConfigurationIsVisible = 0;
			defaultConfigurationName = Release;
		};
		EF8F076D1BEF3BA60053FD79 /* Build configuration list for PBXNativeTarget "Method Signature" */ = {
			isa = XCConfigurationList;
			buildConfigurations = (
				EF8F076E1BEF3BA60053FD79 /* Debug */,
				EF8F076F1BEF3BA60053FD79 /* Release */,
			);
			defaultConfigurationIsVisible = 0;
		};
/* End XCConfigurationList section */
	};
	rootObject = EF8F075E1BEF3BA60053FD79 /* Project object */;
}
